{
  "name": "bag",
  "version": "0.1.0",
  "lockfileVersion": 1,
  "requires": true,
  "dependencies": {
    "async": {
      "version": "1.5.2",
      "resolved": "http://registry.npmjs.org/async/-/async-1.5.2.tgz",
      "integrity": "sha1-7GphrlZIDAw8skHJVhjiCJL5Zyo="
    },
    "base-x": {
      "version": "3.0.4",
      "resolved": "https://registry.npmjs.org/base-x/-/base-x-3.0.4.tgz",
      "integrity": "sha512-UYOadoSIkEI/VrRGSG6qp93rp2WdokiAiNYDfGW5qURAY8GiAQkvMbwNNSDYiVJopqv4gCna7xqf4rrNGp+5AA==",
      "requires": {
        "safe-buffer": "5.1.2"
      }
    },
    "bignumber.js": {
      "version": "4.1.0",
      "resolved": "https://registry.npmjs.org/bignumber.js/-/bignumber.js-4.1.0.tgz",
      "integrity": "sha512-eJzYkFYy9L4JzXsbymsFn3p54D+llV27oTQ+ziJG7WFRheJcNZilgVXMG0LoZtlQSKBsJdWtLFqOD0u+U0jZKA=="
    },
    "bindings": {
      "version": "1.3.0",
      "resolved": "https://registry.npmjs.org/bindings/-/bindings-1.3.0.tgz",
      "integrity": "sha512-DpLh5EzMR2kzvX1KIlVC0VkC3iZtHKTgdtZ0a3pglBZdaQFjt5S9g9xd1lE+YvXyfd6mtCeRnrUfOLYiTMlNSw=="
    },
    "bip66": {
      "version": "1.1.5",
      "resolved": "https://registry.npmjs.org/bip66/-/bip66-1.1.5.tgz",
      "integrity": "sha1-AfqHSHhcpwlV1QESF9GzE5lpyiI=",
      "requires": {
        "safe-buffer": "5.1.2"
      }
    },
    "bitcore-lib": {
      "version": "0.15.0",
      "resolved": "https://registry.npmjs.org/bitcore-lib/-/bitcore-lib-0.15.0.tgz",
      "integrity": "sha512-AeXLWhiivF6CDFzrABZHT4jJrflyylDWTi32o30rF92HW9msfuKpjzrHtFKYGa9w0kNVv5HABQjCB3OEav4PhQ==",
      "requires": {
        "bn.js": "4.11.8",
        "bs58": "4.0.1",
        "buffer-compare": "1.1.1",
        "elliptic": "6.4.0",
        "inherits": "2.0.1",
        "lodash": "4.17.4"
      }
    },
    "bitcore-mnemonic": {
      "version": "1.5.0",
      "resolved": "https://registry.npmjs.org/bitcore-mnemonic/-/bitcore-mnemonic-1.5.0.tgz",
      "integrity": "sha512-sbeP4xwkindLMfIQhVxj6rZSDMwtiKmfc1DqvwpR6Yg+Qo4I4WHO5pvzb12Y04uDh1N3zgD45esHhfH0HHmE4g==",
      "requires": {
        "bitcore-lib": "0.15.0",
        "unorm": "1.4.1"
      }
    },
    "bn.js": {
      "version": "4.11.8",
      "resolved": "https://registry.npmjs.org/bn.js/-/bn.js-4.11.8.tgz",
      "integrity": "sha512-ItfYfPLkWHUjckQCk8xC+LwxgK8NYcXywGigJgSwOP8Y2iyWT4f2vsZnoOXTTbo+o5yXmIUJ4gn5538SO5S3gA=="
    },
    "brorand": {
      "version": "1.1.0",
      "resolved": "https://registry.npmjs.org/brorand/-/brorand-1.1.0.tgz",
      "integrity": "sha1-EsJe/kCkXjwyPrhnWgoM5XsiNx8="
    },
    "browserify-aes": {
      "version": "1.2.0",
      "resolved": "http://registry.npmjs.org/browserify-aes/-/browserify-aes-1.2.0.tgz",
      "integrity": "sha512-+7CHXqGuspUn/Sl5aO7Ea0xWGAtETPXNSAjHo48JfLdPWcMng33Xe4znFvQweqc/uzk5zSOI3H52CYnjCfb5hA==",
      "requires": {
        "buffer-xor": "1.0.3",
        "cipher-base": "1.0.4",
        "create-hash": "1.2.0",
        "evp_bytestokey": "1.0.3",
        "inherits": "2.0.1",
        "safe-buffer": "5.1.2"
      }
    },
    "bs58": {
      "version": "4.0.1",
      "resolved": "https://registry.npmjs.org/bs58/-/bs58-4.0.1.tgz",
      "integrity": "sha1-vhYedsNU9veIrkBx9j806MTwpCo=",
      "requires": {
        "base-x": "3.0.4"
      }
    },
    "buffer-compare": {
      "version": "1.1.1",
      "resolved": "https://registry.npmjs.org/buffer-compare/-/buffer-compare-1.1.1.tgz",
      "integrity": "sha1-W+e+hTr4kZjR9N3AkNHWakiu9ZY="
    },
    "buffer-from": {
      "version": "1.1.1",
      "resolved": "https://registry.npmjs.org/buffer-from/-/buffer-from-1.1.1.tgz",
      "integrity": "sha512-MQcXEUbCKtEo7bhqEs6560Hyd4XaovZlO/k9V3hjVUF/zwW7KBVdSK4gIt/bzwS9MbR5qob+F5jusZsb0YQK2A=="
    },
    "buffer-xor": {
      "version": "1.0.3",
      "resolved": "https://registry.npmjs.org/buffer-xor/-/buffer-xor-1.0.3.tgz",
      "integrity": "sha1-JuYe0UIvtw3ULm42cp7VHYVf6Nk="
    },
    "byteballcore": {
      "version": "0.2.93",
      "resolved": "https://registry.npmjs.org/byteballcore/-/byteballcore-0.2.93.tgz",
      "integrity": "sha512-4jbjt/n2DJDWFaXEdCpu3iaHs6GfemqJ2+ZvVFyekP6Qmi7CCswj9SJ3RNF1/QJMz9rLTF/sc6r56OIAkkXCiQ==",
      "requires": {
        "async": "1.5.2",
        "bitcore-mnemonic": "1.0.1",
        "jszip": "3.1.5",
        "lodash": "4.17.4",
        "longjohn": "0.2.12",
        "mysql": "2.16.0",
        "node4mailer": "git+https://github.com/edemaine/node4mailer.git#8827240094630a695a544df4fde4bbe3d914f6bf",
        "secp256k1": "3.5.2",
        "socks": "1.1.10",
        "sqlite3": "3.1.4",
        "thirty-two": "1.0.2",
        "ws": "1.1.5"
      },
      "dependencies": {
        "bitcore-lib": {
          "version": "0.13.19",
          "resolved": "https://registry.npmjs.org/bitcore-lib/-/bitcore-lib-0.13.19.tgz",
          "integrity": "sha1-SK8em9oQBnwasWJjRyta3SAA89w=",
          "requires": {
            "bn.js": "2.0.4",
            "bs58": "2.0.0",
            "buffer-compare": "1.0.0",
            "elliptic": "3.0.3",
            "inherits": "2.0.1",
            "lodash": "3.10.1"
          },
          "dependencies": {
            "bn.js": {
              "version": "2.0.4",
              "resolved": "https://registry.npmjs.org/bn.js/-/bn.js-2.0.4.tgz",
              "integrity": "sha1-Igp81nf38b+pNif/QZN3b+eBlIA="
            },
            "bs58": {
              "version": "2.0.0",
              "resolved": "https://registry.npmjs.org/bs58/-/bs58-2.0.0.tgz",
              "integrity": "sha1-crcTvtIjoKxRi72g484/SBfznrU="
            },
            "buffer-compare": {
              "version": "1.0.0",
              "resolved": "https://registry.npmjs.org/buffer-compare/-/buffer-compare-1.0.0.tgz",
              "integrity": "sha1-rKp6lm6Y7un64Usxw5pfFY+zxKI="
            },
            "elliptic": {
              "version": "3.0.3",
              "resolved": "https://registry.npmjs.org/elliptic/-/elliptic-3.0.3.tgz",
              "integrity": "sha1-hlybQgv75VAGuflp+XoNLESWZZU=",
              "requires": {
                "bn.js": "2.0.4",
                "brorand": "1.0.5",
                "hash.js": "1.0.3",
                "inherits": "2.0.1"
              },
              "dependencies": {
                "brorand": {
                  "version": "1.0.5",
                  "resolved": "https://registry.npmjs.org/brorand/-/brorand-1.0.5.tgz",
                  "integrity": "sha1-B7VMowKGq9Fxig4qgwgD79yb+gQ="
                },
                "hash.js": {
                  "version": "1.0.3",
                  "resolved": "https://registry.npmjs.org/hash.js/-/hash.js-1.0.3.tgz",
                  "integrity": "sha1-EzL/ABVsCg/92CNgE9B7d6BFFXM=",
                  "requires": {
                    "inherits": "2.0.1"
                  }
                }
              }
            },
            "inherits": {
              "version": "2.0.1",
              "resolved": "https://registry.npmjs.org/inherits/-/inherits-2.0.1.tgz",
              "integrity": "sha1-sX0I0ya0Qj5Wjv9xn5GwscvfafE="
            },
            "lodash": {
              "version": "3.10.1",
              "resolved": "http://registry.npmjs.org/lodash/-/lodash-3.10.1.tgz",
              "integrity": "sha1-W/Rejkm6QYnhfUgnid/RW9FAt7Y="
            }
          }
        },
        "bitcore-mnemonic": {
          "version": "1.0.1",
          "resolved": "https://registry.npmjs.org/bitcore-mnemonic/-/bitcore-mnemonic-1.0.1.tgz",
          "integrity": "sha1-/yEuhig7Z1KvAXmRoR+/RHqQveg=",
          "requires": {
            "bitcore-lib": "0.13.19",
            "unorm": "1.4.1"
          }
        }
      }
    },
    "cipher-base": {
      "version": "1.0.4",
      "resolved": "https://registry.npmjs.org/cipher-base/-/cipher-base-1.0.4.tgz",
      "integrity": "sha512-Kkht5ye6ZGmwv40uUDZztayT2ThLQGfnj/T71N/XzeZeo3nf8foyW7zGTsPYkEya3m5f3cAypH+qe7YOrM1U2Q==",
      "requires": {
        "inherits": "2.0.1",
        "safe-buffer": "5.1.2"
      }
    },
    "core-js": {
      "version": "2.3.0",
      "resolved": "https://registry.npmjs.org/core-js/-/core-js-2.3.0.tgz",
      "integrity": "sha1-+rg/uwstjchfpjbEudNMdUIMbWU="
    },
    "core-util-is": {
      "version": "1.0.2",
      "resolved": "https://registry.npmjs.org/core-util-is/-/core-util-is-1.0.2.tgz",
      "integrity": "sha1-tf1UIgqivFq1eqtxQMlAdUUDwac="
    },
    "create-hash": {
      "version": "1.2.0",
      "resolved": "http://registry.npmjs.org/create-hash/-/create-hash-1.2.0.tgz",
      "integrity": "sha512-z00bCGNHDG8mHAkP7CtT1qVu+bFQUPjYq/4Iv3C3kWjTFV10zIjfSoeqXo9Asws8gwSHDGj/hl2u4OGIjapeCg==",
      "requires": {
        "cipher-base": "1.0.4",
        "inherits": "2.0.1",
        "md5.js": "1.3.5",
        "ripemd160": "2.0.2",
        "sha.js": "2.4.11"
      }
    },
    "create-hmac": {
      "version": "1.1.7",
      "resolved": "http://registry.npmjs.org/create-hmac/-/create-hmac-1.1.7.tgz",
      "integrity": "sha512-MJG9liiZ+ogc4TzUwuvbER1JRdgvUFSB5+VR/g5h82fGaIRWMWddtKBHi7/sVhfjQZ6SehlyhvQYrcYkaUIpLg==",
      "requires": {
        "cipher-base": "1.0.4",
        "create-hash": "1.2.0",
        "inherits": "2.0.1",
        "ripemd160": "2.0.2",
        "safe-buffer": "5.1.2",
        "sha.js": "2.4.11"
      }
    },
    "drbg.js": {
      "version": "1.0.1",
      "resolved": "https://registry.npmjs.org/drbg.js/-/drbg.js-1.0.1.tgz",
      "integrity": "sha1-Pja2xCs3BDgjzbwzLVjzHiRFSAs=",
      "requires": {
        "browserify-aes": "1.2.0",
        "create-hash": "1.2.0",
        "create-hmac": "1.1.7"
      }
    },
    "elliptic": {
      "version": "6.4.0",
      "resolved": "https://registry.npmjs.org/elliptic/-/elliptic-6.4.0.tgz",
      "integrity": "sha1-ysmvh2LIWDYYcAPI3+GT5eLq5d8=",
      "requires": {
        "bn.js": "4.11.8",
        "brorand": "1.1.0",
        "hash.js": "1.1.5",
        "hmac-drbg": "1.0.1",
        "inherits": "2.0.1",
        "minimalistic-assert": "1.0.1",
        "minimalistic-crypto-utils": "1.0.1"
      }
    },
    "es6-promise": {
      "version": "3.0.2",
      "resolved": "http://registry.npmjs.org/es6-promise/-/es6-promise-3.0.2.tgz",
      "integrity": "sha1-AQ1YWEI6XxGJeWZfRkhqlcbuK7Y="
    },
    "evp_bytestokey": {
      "version": "1.0.3",
      "resolved": "https://registry.npmjs.org/evp_bytestokey/-/evp_bytestokey-1.0.3.tgz",
      "integrity": "sha512-/f2Go4TognH/KvCISP7OUsHn85hT9nUkxxA9BEWxFn+Oj9o8ZNLm/40hdlgSLyuOimsrTKLUMEorQexp/aPQeA==",
      "requires": {
        "md5.js": "1.3.5",
        "safe-buffer": "5.1.2"
      }
    },
    "hash-base": {
      "version": "3.0.4",
      "resolved": "https://registry.npmjs.org/hash-base/-/hash-base-3.0.4.tgz",
      "integrity": "sha1-X8hoaEfs1zSZQDMZprCj8/auSRg=",
      "requires": {
        "inherits": "2.0.1",
        "safe-buffer": "5.1.2"
      }
    },
    "hash.js": {
      "version": "1.1.5",
      "resolved": "https://registry.npmjs.org/hash.js/-/hash.js-1.1.5.tgz",
      "integrity": "sha512-eWI5HG9Np+eHV1KQhisXWwM+4EPPYe5dFX1UZZH7k/E3JzDEazVH+VGlZi6R94ZqImq+A3D1mCEtrFIfg/E7sA==",
      "requires": {
        "inherits": "2.0.3",
        "minimalistic-assert": "1.0.1"
      },
      "dependencies": {
        "inherits": {
          "version": "2.0.3",
          "resolved": "https://registry.npmjs.org/inherits/-/inherits-2.0.3.tgz",
          "integrity": "sha1-Yzwsg+PaQqUC9SRmAiSA9CCCYd4="
        }
      }
    },
    "hmac-drbg": {
      "version": "1.0.1",
      "resolved": "https://registry.npmjs.org/hmac-drbg/-/hmac-drbg-1.0.1.tgz",
      "integrity": "sha1-0nRXAQJabHdabFRXk+1QL8DGSaE=",
      "requires": {
        "hash.js": "1.1.5",
        "minimalistic-assert": "1.0.1",
        "minimalistic-crypto-utils": "1.0.1"
      }
    },
    "immediate": {
      "version": "3.0.6",
      "resolved": "https://registry.npmjs.org/immediate/-/immediate-3.0.6.tgz",
      "integrity": "sha1-nbHb0Pr43m++D13V5Wu2BigN5ps="
    },
    "inherits": {
      "version": "2.0.1",
      "resolved": "https://registry.npmjs.org/inherits/-/inherits-2.0.1.tgz",
      "integrity": "sha1-sX0I0ya0Qj5Wjv9xn5GwscvfafE="
    },
    "ip": {
      "version": "1.1.5",
      "resolved": "https://registry.npmjs.org/ip/-/ip-1.1.5.tgz",
      "integrity": "sha1-vd7XARQpCCjAoDnnLvJfWq7ENUo="
    },
    "isarray": {
      "version": "1.0.0",
      "resolved": "https://registry.npmjs.org/isarray/-/isarray-1.0.0.tgz",
      "integrity": "sha1-u5NdSFgsuhaMBoNJV6VKPgcSTxE="
    },
    "jszip": {
      "version": "3.1.5",
      "resolved": "https://registry.npmjs.org/jszip/-/jszip-3.1.5.tgz",
      "integrity": "sha512-5W8NUaFRFRqTOL7ZDDrx5qWHJyBXy6velVudIzQUSoqAAYqzSh2Z7/m0Rf1QbmQJccegD0r+YZxBjzqoBiEeJQ==",
      "requires": {
        "core-js": "2.3.0",
        "es6-promise": "3.0.2",
        "lie": "3.1.1",
        "pako": "1.0.6",
        "readable-stream": "2.0.6"
      }
    },
    "lie": {
      "version": "3.1.1",
      "resolved": "https://registry.npmjs.org/lie/-/lie-3.1.1.tgz",
      "integrity": "sha1-mkNrLMd0bKWd56QfpGmz77dr2H4=",
      "requires": {
        "immediate": "3.0.6"
      }
    },
    "lodash": {
      "version": "4.17.4",
      "resolved": "http://registry.npmjs.org/lodash/-/lodash-4.17.4.tgz",
      "integrity": "sha1-eCA6TRwyiuHYbcpkYONptX9AVa4="
    },
    "longjohn": {
      "version": "0.2.12",
      "resolved": "https://registry.npmjs.org/longjohn/-/longjohn-0.2.12.tgz",
      "integrity": "sha1-fKdEawg2VcN351EiE9x1TVKmSn4=",
      "requires": {
        "source-map-support": "0.5.9"
      }
    },
    "md5.js": {
      "version": "1.3.5",
      "resolved": "https://registry.npmjs.org/md5.js/-/md5.js-1.3.5.tgz",
      "integrity": "sha512-xitP+WxNPcTTOgnTJcrhM0xvdPepipPSf3I8EIpGKeFLjt3PlJLIDG3u8EX53ZIubkb+5U2+3rELYpEhHhzdkg==",
      "requires": {
        "hash-base": "3.0.4",
        "inherits": "2.0.1",
        "safe-buffer": "5.1.2"
      }
    },
    "minimalistic-assert": {
      "version": "1.0.1",
      "resolved": "https://registry.npmjs.org/minimalistic-assert/-/minimalistic-assert-1.0.1.tgz",
      "integrity": "sha512-UtJcAD4yEaGtjPezWuO9wC4nwUnVH/8/Im3yEHQP4b67cXlD/Qr9hdITCU1xDbSEXg2XKNaP8jsReV7vQd00/A=="
    },
    "minimalistic-crypto-utils": {
      "version": "1.0.1",
      "resolved": "https://registry.npmjs.org/minimalistic-crypto-utils/-/minimalistic-crypto-utils-1.0.1.tgz",
      "integrity": "sha1-9sAMHAsIIkblxNmd+4x8CDsrWCo="
    },
    "mysql": {
      "version": "2.16.0",
      "resolved": "https://registry.npmjs.org/mysql/-/mysql-2.16.0.tgz",
      "integrity": "sha512-dPbN2LHonQp7D5ja5DJXNbCLe/HRdu+f3v61aguzNRQIrmZLOeRoymBYyeThrR6ug+FqzDL95Gc9maqZUJS+Gw==",
      "requires": {
        "bignumber.js": "4.1.0",
        "readable-stream": "2.3.6",
        "safe-buffer": "5.1.2",
        "sqlstring": "2.3.1"
      },
      "dependencies": {
        "inherits": {
          "version": "2.0.3",
          "resolved": "https://registry.npmjs.org/inherits/-/inherits-2.0.3.tgz",
          "integrity": "sha1-Yzwsg+PaQqUC9SRmAiSA9CCCYd4="
        },
        "process-nextick-args": {
          "version": "2.0.0",
          "resolved": "https://registry.npmjs.org/process-nextick-args/-/process-nextick-args-2.0.0.tgz",
          "integrity": "sha512-MtEC1TqN0EU5nephaJ4rAtThHtC86dNN9qCuEhtshvpVBkAW5ZO7BASN9REnF9eoXGcRub+pFuKEpOHE+HbEMw=="
        },
        "readable-stream": {
          "version": "2.3.6",
          "resolved": "http://registry.npmjs.org/readable-stream/-/readable-stream-2.3.6.tgz",
          "integrity": "sha512-tQtKA9WIAhBF3+VLAseyMqZeBjW0AHJoxOtYqSUZNJxauErmLbVm2FW1y+J/YA9dUrAC39ITejlZWhVIwawkKw==",
          "requires": {
            "core-util-is": "1.0.2",
            "inherits": "2.0.3",
            "isarray": "1.0.0",
            "process-nextick-args": "2.0.0",
            "safe-buffer": "5.1.2",
            "string_decoder": "1.1.1",
            "util-deprecate": "1.0.2"
          }
        },
        "string_decoder": {
          "version": "1.1.1",
          "resolved": "https://registry.npmjs.org/string_decoder/-/string_decoder-1.1.1.tgz",
          "integrity": "sha512-n/ShnvDi6FHbbVfviro+WojiFzv+s8MPMHBczVePfUpDJLwoLT0ht1l4YwBCbi8pJAveEEdnkHyPyTP/mzRfwg==",
          "requires": {
            "safe-buffer": "5.1.2"
          }
        }
      }
    },
    "nan": {
      "version": "2.11.1",
      "resolved": "https://registry.npmjs.org/nan/-/nan-2.11.1.tgz",
      "integrity": "sha512-iji6k87OSXa0CcrLl9z+ZiYSuR2o+c0bGuNmXdrhTQTakxytAFsC56SArGYoiHlJlFoHSnvmhpceZJaXkVuOtA=="
    },
    "node4mailer": {
      "version": "git+https://github.com/edemaine/node4mailer.git#8827240094630a695a544df4fde4bbe3d914f6bf"
    },
    "options": {
      "version": "0.0.6",
      "resolved": "https://registry.npmjs.org/options/-/options-0.0.6.tgz",
      "integrity": "sha1-7CLTEoBrtT5zF3Pnza788cZDEo8="
    },
    "pako": {
      "version": "1.0.6",
      "resolved": "https://registry.npmjs.org/pako/-/pako-1.0.6.tgz",
      "integrity": "sha512-lQe48YPsMJAig+yngZ87Lus+NF+3mtu7DVOBu6b/gHO1YpKwIj5AWjZ/TOS7i46HD/UixzWb1zeWDZfGZ3iYcg=="
    },
    "process-nextick-args": {
      "version": "1.0.7",
      "resolved": "https://registry.npmjs.org/process-nextick-args/-/process-nextick-args-1.0.7.tgz",
      "integrity": "sha1-FQ4gt1ZZCtP5EJPyWk8q2L/zC6M="
    },
    "readable-stream": {
      "version": "2.0.6",
      "resolved": "http://registry.npmjs.org/readable-stream/-/readable-stream-2.0.6.tgz",
      "integrity": "sha1-j5A0HmilPMySh4jaz80Rs265t44=",
      "requires": {
        "core-util-is": "1.0.2",
        "inherits": "2.0.1",
        "isarray": "1.0.0",
        "process-nextick-args": "1.0.7",
        "string_decoder": "0.10.31",
        "util-deprecate": "1.0.2"
      }
    },
    "ripemd160": {
      "version": "2.0.2",
      "resolved": "https://registry.npmjs.org/ripemd160/-/ripemd160-2.0.2.tgz",
      "integrity": "sha512-ii4iagi25WusVoiC4B4lq7pbXfAp3D9v5CwfkY33vffw2+pkDjY1D8GaN7spsxvCSx8dkPqOZCEZyfxcmJG2IA==",
      "requires": {
        "hash-base": "3.0.4",
        "inherits": "2.0.1"
      }
    },
    "safe-buffer": {
      "version": "5.1.2",
      "resolved": "https://registry.npmjs.org/safe-buffer/-/safe-buffer-5.1.2.tgz",
      "integrity": "sha512-Gd2UZBJDkXlY7GbJxfsE8/nvKkUEU1G38c1siN6QP6a9PT9MmHB8GnpscSmMJSoF8LOIrt8ud/wPtojys4G6+g=="
    },
    "secp256k1": {
      "version": "3.5.2",
      "resolved": "https://registry.npmjs.org/secp256k1/-/secp256k1-3.5.2.tgz",
      "integrity": "sha512-iin3kojdybY6NArd+UFsoTuapOF7bnJNf2UbcWXaY3z+E1sJDipl60vtzB5hbO/uquBu7z0fd4VC4Irp+xoFVQ==",
      "requires": {
        "bindings": "1.3.0",
        "bip66": "1.1.5",
        "bn.js": "4.11.8",
        "create-hash": "1.2.0",
        "drbg.js": "1.0.1",
        "elliptic": "6.4.0",
        "nan": "2.11.1",
        "safe-buffer": "5.1.2"
      }
    },
    "sha.js": {
      "version": "2.4.11",
      "resolved": "http://registry.npmjs.org/sha.js/-/sha.js-2.4.11.tgz",
      "integrity": "sha512-QMEp5B7cftE7APOjk5Y6xgrbWu+WkLVQwk8JNjZ8nKRciZaByEW6MubieAiToS7+dwvrjGhH8jRXz3MVd0AYqQ==",
      "requires": {
        "inherits": "2.0.1",
        "safe-buffer": "5.1.2"
      }
    },
    "smart-buffer": {
      "version": "1.1.15",
      "resolved": "https://registry.npmjs.org/smart-buffer/-/smart-buffer-1.1.15.tgz",
      "integrity": "sha1-fxFLW2X6s+KjWqd1uxLw0cZJvxY="
    },
    "socks": {
      "version": "1.1.10",
      "resolved": "https://registry.npmjs.org/socks/-/socks-1.1.10.tgz",
      "integrity": "sha1-W4t/x8jzQcU+0FbpKbe/Tei6e1o=",
      "requires": {
        "ip": "1.1.5",
        "smart-buffer": "1.1.15"
      }
    },
    "source-map": {
      "version": "0.6.1",
      "resolved": "https://registry.npmjs.org/source-map/-/source-map-0.6.1.tgz",
      "integrity": "sha512-UjgapumWlbMhkBgzT7Ykc5YXUT46F0iKu8SGXq0bcwP5dz/h0Plj6enJqjz1Zbq2l5WaqYnrVbwWOWMyF3F47g=="
    },
    "source-map-support": {
      "version": "0.5.9",
      "resolved": "https://registry.npmjs.org/source-map-support/-/source-map-support-0.5.9.tgz",
      "integrity": "sha512-gR6Rw4MvUlYy83vP0vxoVNzM6t8MUXqNuRsuBmBHQDu1Fh6X015FrLdgoDKcNdkwGubozq0P4N0Q37UyFVr1EA==",
      "requires": {
        "buffer-from": "1.1.1",
        "source-map": "0.6.1"
      }
    },
    "sqlite3": {
      "version": "3.1.4",
      "resolved": "https://registry.npmjs.org/sqlite3/-/sqlite3-3.1.4.tgz",
      "integrity": "sha1-sBF2uK69/p4Jzgs/rtvzBdimSiU=",
      "requires": {
        "nan": "2.3.5",
        "node-pre-gyp": "0.6.28"
      },
      "dependencies": {
        "abbrev": {
          "version": "1.0.7",
          "bundled": true
        },
        "ansi": {
          "version": "0.3.1",
          "bundled": true
        },
        "ansi-regex": {
          "version": "2.0.0",
          "bundled": true
        },
        "ansi-styles": {
          "version": "2.2.1",
          "bundled": true
        },
        "are-we-there-yet": {
          "version": "1.1.2",
          "bundled": true,
          "requires": {
            "delegates": "1.0.0",
            "readable-stream": "2.1.2"
          }
        },
        "asn1": {
          "version": "0.2.3",
          "bundled": true
        },
        "assert-plus": {
          "version": "0.2.0",
          "bundled": true
        },
        "async": {
          "version": "1.5.2",
          "bundled": true
        },
        "aws-sign2": {
          "version": "0.6.0",
          "bundled": true
        },
        "aws4": {
          "version": "1.4.1",
          "bundled": true
        },
        "balanced-match": {
          "version": "0.4.1",
          "bundled": true
        },
        "bl": {
          "version": "1.1.2",
          "bundled": true,
          "requires": {
            "readable-stream": "2.0.6"
          },
          "dependencies": {
            "readable-stream": {
              "version": "2.0.6",
              "bundled": true,
              "requires": {
                "core-util-is": "1.0.2",
                "inherits": "2.0.1",
                "isarray": "1.0.0",
                "process-nextick-args": "1.0.7",
                "string_decoder": "0.10.31",
                "util-deprecate": "1.0.2"
              }
            }
          }
        },
        "block-stream": {
          "version": "0.0.9",
          "bundled": true,
          "requires": {
            "inherits": "2.0.1"
          }
        },
        "boom": {
          "version": "2.10.1",
          "bundled": true,
          "requires": {
            "hoek": "2.16.3"
          }
        },
        "brace-expansion": {
          "version": "1.1.4",
          "bundled": true,
          "requires": {
            "balanced-match": "0.4.1",
            "concat-map": "0.0.1"
          }
        },
        "caseless": {
          "version": "0.11.0",
          "bundled": true
        },
        "chalk": {
          "version": "1.1.3",
          "bundled": true,
          "requires": {
            "ansi-styles": "2.2.1",
            "escape-string-regexp": "1.0.5",
            "has-ansi": "2.0.0",
            "strip-ansi": "3.0.1",
            "supports-color": "2.0.0"
          }
        },
        "combined-stream": {
          "version": "1.0.5",
          "bundled": true,
          "requires": {
            "delayed-stream": "1.0.0"
          }
        },
        "commander": {
          "version": "2.9.0",
          "bundled": true,
          "requires": {
            "graceful-readlink": "1.0.1"
          }
        },
        "concat-map": {
          "version": "0.0.1",
          "bundled": true
        },
        "core-util-is": {
          "version": "1.0.2",
          "bundled": true
        },
        "cryptiles": {
          "version": "2.0.5",
          "bundled": true,
          "requires": {
            "boom": "2.10.1"
          }
        },
        "dashdash": {
          "version": "1.13.1",
          "bundled": true,
          "requires": {
            "assert-plus": "1.0.0"
          },
          "dependencies": {
            "assert-plus": {
              "version": "1.0.0",
              "bundled": true
            }
          }
        },
        "debug": {
          "version": "2.2.0",
          "bundled": true,
          "requires": {
            "ms": "0.7.1"
          }
        },
        "deep-extend": {
          "version": "0.4.1",
          "bundled": true
        },
        "delayed-stream": {
          "version": "1.0.0",
          "bundled": true
        },
        "delegates": {
          "version": "1.0.0",
          "bundled": true
        },
        "ecc-jsbn": {
          "version": "0.1.1",
          "bundled": true,
          "optional": true,
          "requires": {
            "jsbn": "0.1.0"
          }
        },
        "escape-string-regexp": {
          "version": "1.0.5",
          "bundled": true
        },
        "extend": {
          "version": "3.0.0",
          "bundled": true
        },
        "extsprintf": {
          "version": "1.0.2",
          "bundled": true
        },
        "forever-agent": {
          "version": "0.6.1",
          "bundled": true
        },
        "form-data": {
          "version": "1.0.0-rc4",
          "bundled": true,
          "requires": {
            "async": "1.5.2",
            "combined-stream": "1.0.5",
            "mime-types": "2.1.11"
          }
        },
        "fstream": {
          "version": "1.0.9",
          "bundled": true,
          "requires": {
            "graceful-fs": "4.1.4",
            "inherits": "2.0.1",
            "mkdirp": "0.5.1",
            "rimraf": "2.5.2"
          }
        },
        "fstream-ignore": {
          "version": "1.0.4",
          "bundled": true,
          "requires": {
            "fstream": "1.0.9",
            "inherits": "2.0.1",
            "minimatch": "3.0.0"
          }
        },
        "gauge": {
          "version": "1.2.7",
          "bundled": true,
          "requires": {
            "ansi": "0.3.1",
            "has-unicode": "2.0.0",
            "lodash.pad": "4.4.0",
            "lodash.padend": "4.5.0",
            "lodash.padstart": "4.5.0"
          }
        },
        "generate-function": {
          "version": "2.0.0",
          "bundled": true
        },
        "generate-object-property": {
          "version": "1.2.0",
          "bundled": true,
          "requires": {
            "is-property": "1.0.2"
          }
        },
        "getpass": {
          "version": "0.1.6",
          "bundled": true,
          "requires": {
            "assert-plus": "1.0.0"
          },
          "dependencies": {
            "assert-plus": {
              "version": "1.0.0",
              "bundled": true
            }
          }
        },
        "glob": {
          "version": "7.0.3",
          "bundled": true,
          "requires": {
            "inflight": "1.0.4",
            "inherits": "2.0.1",
            "minimatch": "3.0.0",
            "once": "1.3.3",
            "path-is-absolute": "1.0.0"
          }
        },
        "graceful-fs": {
          "version": "4.1.4",
          "bundled": true
        },
        "graceful-readlink": {
          "version": "1.0.1",
          "bundled": true
        },
        "har-validator": {
          "version": "2.0.6",
          "bundled": true,
          "requires": {
            "chalk": "1.1.3",
            "commander": "2.9.0",
            "is-my-json-valid": "2.13.1",
            "pinkie-promise": "2.0.1"
          }
        },
        "has-ansi": {
          "version": "2.0.0",
          "bundled": true,
          "requires": {
            "ansi-regex": "2.0.0"
          }
        },
        "has-unicode": {
          "version": "2.0.0",
          "bundled": true
        },
        "hawk": {
          "version": "3.1.3",
          "bundled": true,
          "requires": {
            "boom": "2.10.1",
            "cryptiles": "2.0.5",
            "hoek": "2.16.3",
            "sntp": "1.0.9"
          }
        },
        "hoek": {
          "version": "2.16.3",
          "bundled": true
        },
        "http-signature": {
          "version": "1.1.1",
          "bundled": true,
          "requires": {
            "assert-plus": "0.2.0",
            "jsprim": "1.2.2",
            "sshpk": "1.8.3"
          }
        },
        "inflight": {
          "version": "1.0.4",
          "bundled": true,
          "requires": {
            "once": "1.3.3",
            "wrappy": "1.0.1"
          }
        },
        "inherits": {
          "version": "2.0.1",
          "bundled": true
        },
        "ini": {
          "version": "1.3.4",
          "bundled": true
        },
        "is-my-json-valid": {
          "version": "2.13.1",
          "bundled": true,
          "requires": {
            "generate-function": "2.0.0",
            "generate-object-property": "1.2.0",
            "jsonpointer": "2.0.0",
            "xtend": "4.0.1"
          }
        },
        "is-property": {
          "version": "1.0.2",
          "bundled": true
        },
        "is-typedarray": {
          "version": "1.0.0",
          "bundled": true
        },
        "isarray": {
          "version": "1.0.0",
          "bundled": true
        },
        "isstream": {
          "version": "0.1.2",
          "bundled": true
        },
        "jodid25519": {
          "version": "1.0.2",
          "bundled": true,
          "optional": true,
          "requires": {
            "jsbn": "0.1.0"
          }
        },
        "jsbn": {
          "version": "0.1.0",
          "bundled": true,
          "optional": true
        },
        "json-schema": {
          "version": "0.2.2",
          "bundled": true
        },
        "json-stringify-safe": {
          "version": "5.0.1",
          "bundled": true
        },
        "jsonpointer": {
          "version": "2.0.0",
          "bundled": true
        },
        "jsprim": {
          "version": "1.2.2",
          "bundled": true,
          "requires": {
            "extsprintf": "1.0.2",
            "json-schema": "0.2.2",
            "verror": "1.3.6"
          }
        },
        "lodash._baseslice": {
          "version": "4.0.0",
          "bundled": true
        },
        "lodash._basetostring": {
          "version": "4.12.0",
          "bundled": true
        },
        "lodash.pad": {
          "version": "4.4.0",
          "bundled": true,
          "requires": {
            "lodash._baseslice": "4.0.0",
            "lodash._basetostring": "4.12.0",
            "lodash.tostring": "4.1.3"
          }
        },
        "lodash.padend": {
          "version": "4.5.0",
          "bundled": true,
          "requires": {
            "lodash._baseslice": "4.0.0",
            "lodash._basetostring": "4.12.0",
            "lodash.tostring": "4.1.3"
          }
        },
        "lodash.padstart": {
          "version": "4.5.0",
          "bundled": true,
          "requires": {
            "lodash._baseslice": "4.0.0",
            "lodash._basetostring": "4.12.0",
            "lodash.tostring": "4.1.3"
          }
        },
        "lodash.tostring": {
          "version": "4.1.3",
          "bundled": true
        },
        "mime-db": {
          "version": "1.23.0",
          "bundled": true
        },
        "mime-types": {
          "version": "2.1.11",
          "bundled": true,
          "requires": {
            "mime-db": "1.23.0"
          }
        },
        "minimatch": {
          "version": "3.0.0",
          "bundled": true,
          "requires": {
            "brace-expansion": "1.1.4"
          }
        },
        "minimist": {
          "version": "0.0.8",
          "bundled": true
        },
        "mkdirp": {
          "version": "0.5.1",
          "bundled": true,
          "requires": {
            "minimist": "0.0.8"
          }
        },
        "ms": {
          "version": "0.7.1",
          "bundled": true
        },
        "nan": {
          "version": "2.3.5",
          "resolved": "http://registry.npmjs.org/nan/-/nan-2.3.5.tgz",
          "integrity": "sha1-gioNwmYpDOTNOhIoLKPn42Rmigg="
        },
        "node-pre-gyp": {
          "version": "0.6.28",
          "bundled": true,
          "requires": {
            "mkdirp": "0.5.1",
            "nopt": "3.0.6",
            "npmlog": "2.0.3",
            "rc": "1.1.6",
            "request": "2.72.0",
            "rimraf": "2.5.2",
            "semver": "5.1.0",
            "tar": "2.2.1",
            "tar-pack": "3.1.3"
          }
        },
        "node-uuid": {
          "version": "1.4.7",
          "bundled": true
        },
        "nopt": {
          "version": "3.0.6",
          "bundled": true,
          "requires": {
            "abbrev": "1.0.7"
          }
        },
        "npmlog": {
          "version": "2.0.3",
          "bundled": true,
          "requires": {
            "ansi": "0.3.1",
            "are-we-there-yet": "1.1.2",
            "gauge": "1.2.7"
          }
        },
        "oauth-sign": {
          "version": "0.8.2",
          "bundled": true
        },
        "once": {
          "version": "1.3.3",
          "bundled": true,
          "requires": {
            "wrappy": "1.0.1"
          }
        },
        "path-is-absolute": {
          "version": "1.0.0",
          "bundled": true
        },
        "pinkie": {
          "version": "2.0.4",
          "bundled": true
        },
        "pinkie-promise": {
          "version": "2.0.1",
          "bundled": true,
          "requires": {
            "pinkie": "2.0.4"
          }
        },
        "process-nextick-args": {
          "version": "1.0.7",
          "bundled": true
        },
        "qs": {
          "version": "6.1.0",
          "bundled": true
        },
        "rc": {
          "version": "1.1.6",
          "bundled": true,
          "requires": {
            "deep-extend": "0.4.1",
            "ini": "1.3.4",
            "minimist": "1.2.0",
            "strip-json-comments": "1.0.4"
          },
          "dependencies": {
            "minimist": {
              "version": "1.2.0",
              "bundled": true
            }
          }
        },
        "readable-stream": {
          "version": "2.1.2",
          "bundled": true,
          "requires": {
            "core-util-is": "1.0.2",
            "inherits": "2.0.1",
            "isarray": "1.0.0",
            "process-nextick-args": "1.0.7",
            "string_decoder": "0.10.31",
            "util-deprecate": "1.0.2"
          }
        },
        "request": {
          "version": "2.72.0",
          "bundled": true,
          "requires": {
            "aws-sign2": "0.6.0",
            "aws4": "1.4.1",
            "bl": "1.1.2",
            "caseless": "0.11.0",
            "combined-stream": "1.0.5",
            "extend": "3.0.0",
            "forever-agent": "0.6.1",
            "form-data": "1.0.0-rc4",
            "har-validator": "2.0.6",
            "hawk": "3.1.3",
            "http-signature": "1.1.1",
            "is-typedarray": "1.0.0",
            "isstream": "0.1.2",
            "json-stringify-safe": "5.0.1",
            "mime-types": "2.1.11",
            "node-uuid": "1.4.7",
            "oauth-sign": "0.8.2",
            "qs": "6.1.0",
            "stringstream": "0.0.5",
            "tough-cookie": "2.2.2",
            "tunnel-agent": "0.4.3"
          }
        },
        "rimraf": {
          "version": "2.5.2",
          "bundled": true,
          "requires": {
            "glob": "7.0.3"
          }
        },
        "semver": {
          "version": "5.1.0",
          "bundled": true
        },
        "sntp": {
          "version": "1.0.9",
          "bundled": true,
          "requires": {
            "hoek": "2.16.3"
          }
        },
        "sshpk": {
          "version": "1.8.3",
          "bundled": true,
          "requires": {
            "asn1": "0.2.3",
            "assert-plus": "1.0.0",
            "dashdash": "1.13.1",
            "ecc-jsbn": "0.1.1",
            "getpass": "0.1.6",
            "jodid25519": "1.0.2",
            "jsbn": "0.1.0",
            "tweetnacl": "0.13.3"
          },
          "dependencies": {
            "assert-plus": {
              "version": "1.0.0",
              "bundled": true
            }
          }
        },
        "string_decoder": {
          "version": "0.10.31",
          "bundled": true
        },
        "stringstream": {
          "version": "0.0.5",
          "bundled": true
        },
        "strip-ansi": {
          "version": "3.0.1",
          "bundled": true,
          "requires": {
            "ansi-regex": "2.0.0"
          }
        },
        "strip-json-comments": {
          "version": "1.0.4",
          "bundled": true
        },
        "supports-color": {
          "version": "2.0.0",
          "bundled": true
        },
        "tar": {
          "version": "2.2.1",
          "bundled": true,
          "requires": {
            "block-stream": "0.0.9",
            "fstream": "1.0.9",
            "inherits": "2.0.1"
          }
        },
        "tar-pack": {
          "version": "3.1.3",
          "bundled": true,
          "requires": {
            "debug": "2.2.0",
            "fstream": "1.0.9",
            "fstream-ignore": "1.0.4",
            "once": "1.3.3",
            "readable-stream": "2.0.6",
            "rimraf": "2.5.2",
            "tar": "2.2.1",
            "uid-number": "0.0.6"
          },
          "dependencies": {
            "readable-stream": {
              "version": "2.0.6",
              "bundled": true,
              "requires": {
                "core-util-is": "1.0.2",
                "inherits": "2.0.1",
                "isarray": "1.0.0",
                "process-nextick-args": "1.0.7",
                "string_decoder": "0.10.31",
                "util-deprecate": "1.0.2"
              }
            }
          }
        },
        "tough-cookie": {
          "version": "2.2.2",
          "bundled": true
        },
        "tunnel-agent": {
          "version": "0.4.3",
          "bundled": true
        },
        "tweetnacl": {
          "version": "0.13.3",
          "bundled": true,
          "optional": true
        },
        "uid-number": {
          "version": "0.0.6",
          "bundled": true
        },
        "util-deprecate": {
          "version": "1.0.2",
          "bundled": true
        },
        "verror": {
          "version": "1.3.6",
          "bundled": true,
          "requires": {
            "extsprintf": "1.0.2"
          }
        },
        "wrappy": {
          "version": "1.0.1",
          "bundled": true
        },
        "xtend": {
          "version": "4.0.1",
          "bundled": true
        }
      }
    },
    "sqlstring": {
      "version": "2.3.1",
      "resolved": "https://registry.npmjs.org/sqlstring/-/sqlstring-2.3.1.tgz",
      "integrity": "sha1-R1OT/56RR5rqYtyvDKPRSYOn+0A="
    },
    "string_decoder": {
      "version": "0.10.31",
      "resolved": "https://registry.npmjs.org/string_decoder/-/string_decoder-0.10.31.tgz",
      "integrity": "sha1-YuIDvEF2bGwoyfyEMB2rHFMQ+pQ="
    },
    "thirty-two": {
      "version": "1.0.2",
      "resolved": "https://registry.npmjs.org/thirty-two/-/thirty-two-1.0.2.tgz",
      "integrity": "sha1-TKL//AKlEpDSdEueP1V2k8prYno="
    },
    "ultron": {
      "version": "1.0.2",
      "resolved": "https://registry.npmjs.org/ultron/-/ultron-1.0.2.tgz",
      "integrity": "sha1-rOEWq1V80Zc4ak6I9GhTeMiy5Po="
    },
    "unorm": {
      "version": "1.4.1",
      "resolved": "https://registry.npmjs.org/unorm/-/unorm-1.4.1.tgz",
      "integrity": "sha1-NkIA1fE2RsqLzURJAnEzVhR5IwA="
    },
    "util-deprecate": {
      "version": "1.0.2",
      "resolved": "https://registry.npmjs.org/util-deprecate/-/util-deprecate-1.0.2.tgz",
      "integrity": "sha1-RQ1Nyfpw3nMnYvvS1KKJgUGaDM8="
    },
    "ws": {
      "version": "1.1.5",
      "resolved": "https://registry.npmjs.org/ws/-/ws-1.1.5.tgz",
      "integrity": "sha512-o3KqipXNUdS7wpQzBHSe180lBGO60SoK0yVo3CYJgb2MkobuWuBX6dhkYP5ORCLd55y+SaflMOV5fqAB53ux4w==",
      "requires": {
        "options": "0.0.6",
        "ultron": "1.0.2"
      }
    }
  }
}
